// !$*UTF8*$!
{
	archiveVersion = 1;
	classes = {
	};
	objectVersion = 46;
	objects = {

/* Begin PBXBuildFile section */
		A3D48EE01CAA4FF800881E27 /* main.m in Sources */ = {isa = PBXBuildFile; fileRef = A3D48EDF1CAA4FF800881E27 /* main.m */; };
		A3D48EE31CAA4FF800881E27 /* AppDelegate.m in Sources */ = {isa = PBXBuildFile; fileRef = A3D48EE21CAA4FF800881E27 /* AppDelegate.m */; };
		A3D48EE61CAA4FF800881E27 /* ViewController.m in Sources */ = {isa = PBXBuildFile; fileRef = A3D48EE51CAA4FF800881E27 /* ViewController.m */; };
		A3D48EE91CAA4FF800881E27 /* Main.storyboard in Resources */ = {isa = PBXBuildFile; fileRef = A3D48EE71CAA4FF800881E27 /* Main.storyboard */; };
		A3D48EEB1CAA4FF800881E27 /* Assets.xcassets in Resources */ = {isa = PBXBuildFile; fileRef = A3D48EEA1CAA4FF800881E27 /* Assets.xcassets */; };
		A3D48EEE1CAA4FF800881E27 /* LaunchScreen.storyboard in Resources */ = {isa = PBXBuildFile; fileRef = A3D48EEC1CAA4FF800881E27 /* LaunchScreen.storyboard */; };
		A3D48EF91CAA4FF800881E27 /* ComponentBasicTests.m in Sources */ = {isa = PBXBuildFile; fileRef = A3D48EF81CAA4FF800881E27 /* ComponentBasicTests.m */; };
		A3D48F041CAA4FF800881E27 /* ComponentBasicUITests.m in Sources */ = {isa = PBXBuildFile; fileRef = A3D48F031CAA4FF800881E27 /* ComponentBasicUITests.m */; };
/* End PBXBuildFile section */

/* Begin PBXContainerItemProxy section */
		A3D48EF51CAA4FF800881E27 /* PBXContainerItemProxy */ = {
			isa = PBXContainerItemProxy;
			containerPortal = A3D48ED31CAA4FF800881E27 /* Project object */;
			proxyType = 1;
			remoteGlobalIDString = A3D48EDA1CAA4FF800881E27;
			remoteInfo = ComponentBasic;
		};
		A3D48F001CAA4FF800881E27 /* PBXContainerItemProxy */ = {
			isa = PBXContainerItemProxy;
			containerPortal = A3D48ED31CAA4FF800881E27 /* Project object */;
			proxyType = 1;
			remoteGlobalIDString = A3D48EDA1CAA4FF800881E27;
			remoteInfo = ComponentBasic;
		};
/* End PBXContainerItemProxy section */

/* Begin PBXFileReference section */
		A3D48EDB1CAA4FF800881E27 /* ComponentBasic.app */ = {isa = PBXFileReference; explicitFileType = wrapper.application; includeInIndex = 0; path = ComponentBasic.app; sourceTree = BUILT_PRODUCTS_DIR; };
		A3D48EDF1CAA4FF800881E27 /* main.m */ = {isa = PBXFileReference; lastKnownFileType = sourcecode.c.objc; path = main.m; sourceTree = "<group>"; };
		A3D48EE11CAA4FF800881E27 /* AppDelegate.h */ = {isa = PBXFileReference; lastKnownFileType = sourcecode.c.h; path = AppDelegate.h; sourceTree = "<group>"; };
		A3D48EE21CAA4FF800881E27 /* AppDelegate.m */ = {isa = PBXFileReference; lastKnownFileType = sourcecode.c.objc; path = AppDelegate.m; sourceTree = "<group>"; };
		A3D48EE41CAA4FF800881E27 /* ViewController.h */ = {isa = PBXFileReference; lastKnownFileType = sourcecode.c.h; path = ViewController.h; sourceTree = "<group>"; };
		A3D48EE51CAA4FF800881E27 /* ViewController.m */ = {isa = PBXFileReference; lastKnownFileType = sourcecode.c.objc; path = ViewController.m; sourceTree = "<group>"; };
		A3D48EE81CAA4FF800881E27 /* Base */ = {isa = PBXFileReference; lastKnownFileType = file.storyboard; name = Base; path = Base.lproj/Main.storyboard; sourceTree = "<group>"; };
		A3D48EEA1CAA4FF800881E27 /* Assets.xcassets */ = {isa = PBXFileReference; lastKnownFileType = folder.assetcatalog; path = Assets.xcassets; sourceTree = "<group>"; };
		A3D48EED1CAA4FF800881E27 /* Base */ = {isa = PBXFileReference; lastKnownFileType = file.storyboard; name = Base; path = Base.lproj/LaunchScreen.storyboard; sourceTree = "<group>"; };
		A3D48EEF1CAA4FF800881E27 /* Info.plist */ = {isa = PBXFileReference; lastKnownFileType = text.plist.xml; path = Info.plist; sourceTree = "<group>"; };
		A3D48EF41CAA4FF800881E27 /* ComponentBasicTests.xctest */ = {isa = PBXFileReference; explicitFileType = wrapper.cfbundle; includeInIndex = 0; path = ComponentBasicTests.xctest; sourceTree = BUILT_PRODUCTS_DIR; };
		A3D48EF81CAA4FF800881E27 /* ComponentBasicTests.m */ = {isa = PBXFileReference; lastKnownFileType = sourcecode.c.objc; path = ComponentBasicTests.m; sourceTree = "<group>"; };
		A3D48EFA1CAA4FF800881E27 /* Info.plist */ = {isa = PBXFileReference; lastKnownFileType = text.plist.xml; path = Info.plist; sourceTree = "<group>"; };
		A3D48EFF1CAA4FF800881E27 /* ComponentBasicUITests.xctest */ = {isa = PBXFileReference; explicitFileType = wrapper.cfbundle; includeInIndex = 0; path = ComponentBasicUITests.xctest; sourceTree = BUILT_PRODUCTS_DIR; };
		A3D48F031CAA4FF800881E27 /* ComponentBasicUITests.m */ = {isa = PBXFileReference; lastKnownFileType = sourcecode.c.objc; path = ComponentBasicUITests.m; sourceTree = "<group>"; };
		A3D48F051CAA4FF800881E27 /* Info.plist */ = {isa = PBXFileReference; lastKnownFileType = text.plist.xml; path = Info.plist; sourceTree = "<group>"; };
/* End PBXFileReference section */

/* Begin PBXFrameworksBuildPhase section */
		A3D48ED81CAA4FF800881E27 /* Frameworks */ = {
			isa = PBXFrameworksBuildPhase;
			buildActionMask = 2147483647;
			files = (
			);
			runOnlyForDeploymentPostprocessing = 0;
		};
		A3D48EF11CAA4FF800881E27 /* Frameworks */ = {
			isa = PBXFrameworksBuildPhase;
			buildActionMask = 2147483647;
			files = (
			);
			runOnlyForDeploymentPostprocessing = 0;
		};
		A3D48EFC1CAA4FF800881E27 /* Frameworks */ = {
			isa = PBXFrameworksBuildPhase;
			buildActionMask = 2147483647;
			files = (
			);
			runOnlyForDeploymentPostprocessing = 0;
		};
/* End PBXFrameworksBuildPhase section */

/* Begin PBXGroup section */
		A3D48ED21CAA4FF800881E27 = {
			isa = PBXGroup;
			children = (
				A3D48EDD1CAA4FF800881E27 /* ComponentBasic */,
				A3D48EF71CAA4FF800881E27 /* ComponentBasicTests */,
				A3D48F021CAA4FF800881E27 /* ComponentBasicUITests */,
				A3D48EDC1CAA4FF800881E27 /* Products */,
			);
			sourceTree = "<group>";
		};
		A3D48EDC1CAA4FF800881E27 /* Products */ = {
			isa = PBXGroup;
			children = (
				A3D48EDB1CAA4FF800881E27 /* ComponentBasic.app */,
				A3D48EF41CAA4FF800881E27 /* ComponentBasicTests.xctest */,
				A3D48EFF1CAA4FF800881E27 /* ComponentBasicUITests.xctest */,
			);
			name = Products;
			sourceTree = "<group>";
		};
		A3D48EDD1CAA4FF800881E27 /* ComponentBasic */ = {
			isa = PBXGroup;
			children = (
				A3D48EE11CAA4FF800881E27 /* AppDelegate.h */,
				A3D48EE21CAA4FF800881E27 /* AppDelegate.m */,
				A3D48EE41CAA4FF800881E27 /* ViewController.h */,
				A3D48EE51CAA4FF800881E27 /* ViewController.m */,
				A3D48EE71CAA4FF800881E27 /* Main.storyboard */,
				A3D48EEA1CAA4FF800881E27 /* Assets.xcassets */,
				A3D48EEC1CAA4FF800881E27 /* LaunchScreen.storyboard */,
				A3D48EEF1CAA4FF800881E27 /* Info.plist */,
				A3D48EDE1CAA4FF800881E27 /* Supporting Files */,
			);
			path = ComponentBasic;
			sourceTree = "<group>";
		};
		A3D48EDE1CAA4FF800881E27 /* Supporting Files */ = {
			isa = PBXGroup;
			children = (
				A3D48EDF1CAA4FF800881E27 /* main.m */,
			);
			name = "Supporting Files";
			sourceTree = "<group>";
		};
		A3D48EF71CAA4FF800881E27 /* ComponentBasicTests */ = {
			isa = PBXGroup;
			children = (
				A3D48EF81CAA4FF800881E27 /* ComponentBasicTests.m */,
				A3D48EFA1CAA4FF800881E27 /* Info.plist */,
			);
			path = ComponentBasicTests;
			sourceTree = "<group>";
		};
		A3D48F021CAA4FF800881E27 /* ComponentBasicUITests */ = {
			isa = PBXGroup;
			children = (
				A3D48F031CAA4FF800881E27 /* ComponentBasicUITests.m */,
				A3D48F051CAA4FF800881E27 /* Info.plist */,
			);
			path = ComponentBasicUITests;
			sourceTree = "<group>";
		};
/* End PBXGroup section */

/* Begin PBXNativeTarget section */
		A3D48EDA1CAA4FF800881E27 /* ComponentBasic */ = {
			isa = PBXNativeTarget;
			buildConfigurationList = A3D48F081CAA4FF800881E27 /* Build configuration list for PBXNativeTarget "ComponentBasic" */;
			buildPhases = (
				A3D48ED71CAA4FF800881E27 /* Sources */,
				A3D48ED81CAA4FF800881E27 /* Frameworks */,
				A3D48ED91CAA4FF800881E27 /* Resources */,
			);
			buildRules = (
			);
			dependencies = (
			);
			name = ComponentBasic;
			productName = ComponentBasic;
			productReference = A3D48EDB1CAA4FF800881E27 /* ComponentBasic.app */;
			productType = "com.apple.product-type.application";
		};
		A3D48EF31CAA4FF800881E27 /* ComponentBasicTests */ = {
			isa = PBXNativeTarget;
			buildConfigurationList = A3D48F0B1CAA4FF800881E27 /* Build configuration list for PBXNativeTarget "ComponentBasicTests" */;
			buildPhases = (
				A3D48EF01CAA4FF800881E27 /* Sources */,
				A3D48EF11CAA4FF800881E27 /* Frameworks */,
				A3D48EF21CAA4FF800881E27 /* Resources */,
			);
			buildRules = (
			);
			dependencies = (
				A3D48EF61CAA4FF800881E27 /* PBXTargetDependency */,
			);
			name = ComponentBasicTests;
			productName = ComponentBasicTests;
			productReference = A3D48EF41CAA4FF800881E27 /* ComponentBasicTests.xctest */;
			productType = "com.apple.product-type.bundle.unit-test";
		};
		A3D48EFE1CAA4FF800881E27 /* ComponentBasicUITests */ = {
			isa = PBXNativeTarget;
			buildConfigurationList = A3D48F0E1CAA4FF800881E27 /* Build configuration list for PBXNativeTarget "ComponentBasicUITests" */;
			buildPhases = (
				A3D48EFB1CAA4FF800881E27 /* Sources */,
				A3D48EFC1CAA4FF800881E27 /* Frameworks */,
				A3D48EFD1CAA4FF800881E27 /* Resources */,
			);
			buildRules = (
			);
			dependencies = (
				A3D48F011CAA4FF800881E27 /* PBXTargetDependency */,
			);
			name = ComponentBasicUITests;
			productName = ComponentBasicUITests;
			productReference = A3D48EFF1CAA4FF800881E27 /* ComponentBasicUITests.xctest */;
			productType = "com.apple.product-type.bundle.ui-testing";
		};
/* End PBXNativeTarget section */

/* Begin PBXProject section */
		A3D48ED31CAA4FF800881E27 /* Project object */ = {
			isa = PBXProject;
			attributes = {
				LastUpgradeCheck = 0710;
				ORGANIZATIONNAME = chichi;
				TargetAttributes = {
					A3D48EDA1CAA4FF800881E27 = {
						CreatedOnToolsVersion = 7.1.1;
					};
					A3D48EF31CAA4FF800881E27 = {
						CreatedOnToolsVersion = 7.1.1;
						TestTargetID = A3D48EDA1CAA4FF800881E27;
					};
					A3D48EFE1CAA4FF800881E27 = {
						CreatedOnToolsVersion = 7.1.1;
						TestTargetID = A3D48EDA1CAA4FF800881E27;
					};
				};
			};
			buildConfigurationList = A3D48ED61CAA4FF800881E27 /* Build configuration list for PBXProject "ComponentBasic" */;
			compatibilityVersion = "Xcode 3.2";
			developmentRegion = English;
			hasScannedForEncodings = 0;
			knownRegions = (
				en,
				Base,
			);
			mainGroup = A3D48ED21CAA4FF800881E27;
			productRefGroup = A3D48EDC1CAA4FF800881E27 /* Products */;
			projectDirPath = "";
			projectRoot = "";
			targets = (
				A3D48EDA1CAA4FF800881E27 /* ComponentBasic */,
				A3D48EF31CAA4FF800881E27 /* ComponentBasicTests */,
				A3D48EFE1CAA4FF800881E27 /* ComponentBasicUITests */,
			);
		};
/* End PBXProject section */

/* Begin PBXResourcesBuildPhase section */
		A3D48ED91CAA4FF800881E27 /* Resources */ = {
			isa = PBXResourcesBuildPhase;
			buildActionMask = 2147483647;
			files = (
				A3D48EEE1CAA4FF800881E27 /* LaunchScreen.storyboard in Resources */,
				A3D48EEB1CAA4FF800881E27 /* Assets.xcassets in Resources */,
				A3D48EE91CAA4FF800881E27 /* Main.storyboard in Resources */,
			);
			runOnlyForDeploymentPostprocessing = 0;
		};
		A3D48EF21CAA4FF800881E27 /* Resources */ = {
			isa = PBXResourcesBuildPhase;
			buildActionMask = 2147483647;
			files = (
			);
			runOnlyForDeploymentPostprocessing = 0;
		};
		A3D48EFD1CAA4FF800881E27 /* Resources */ = {
			isa = PBXResourcesBuildPhase;
			buildActionMask = 2147483647;
			files = (
			);
			runOnlyForDeploymentPostprocessing = 0;
		};
/* End PBXResourcesBuildPhase section */

/* Begin PBXSourcesBuildPhase section */
		A3D48ED71CAA4FF800881E27 /* Sources */ = {
			isa = PBXSourcesBuildPhase;
			buildActionMask = 2147483647;
			files = (
				A3D48EE61CAA4FF800881E27 /* ViewController.m in Sources */,
				A3D48EE31CAA4FF800881E27 /* AppDelegate.m in Sources */,
				A3D48EE01CAA4FF800881E27 /* main.m in Sources */,
			);
			runOnlyForDeploymentPostprocessing = 0;
		};
		A3D48EF01CAA4FF800881E27 /* Sources */ = {
			isa = PBXSourcesBuildPhase;
			buildActionMask = 2147483647;
			files = (
				A3D48EF91CAA4FF800881E27 /* ComponentBasicTests.m in Sources */,
			);
			runOnlyForDeploymentPostprocessing = 0;
		};
		A3D48EFB1CAA4FF800881E27 /* Sources */ = {
			isa = PBXSourcesBuildPhase;
			buildActionMask = 2147483647;
			files = (
				A3D48F041CAA4FF800881E27 /* ComponentBasicUITests.m in Sources */,
			);
			runOnlyForDeploymentPostprocessing = 0;
		};
/* End PBXSourcesBuildPhase section */

/* Begin PBXTargetDependency section */
		A3D48EF61CAA4FF800881E27 /* PBXTargetDependency */ = {
			isa = PBXTargetDependency;
			target = A3D48EDA1CAA4FF800881E27 /* ComponentBasic */;
			targetProxy = A3D48EF51CAA4FF800881E27 /* PBXContainerItemProxy */;
		};
		A3D48F011CAA4FF800881E27 /* PBXTargetDependency */ = {
			isa = PBXTargetDependency;
			target = A3D48EDA1CAA4FF800881E27 /* ComponentBasic */;
			targetProxy = A3D48F001CAA4FF800881E27 /* PBXContainerItemProxy */;
		};
/* End PBXTargetDependency section */

/* Begin PBXVariantGroup section */
		A3D48EE71CAA4FF800881E27 /* Main.storyboard */ = {
			isa = PBXVariantGroup;
			children = (
				A3D48EE81CAA4FF800881E27 /* Base */,
			);
			name = Main.storyboard;
			sourceTree = "<group>";
		};
		A3D48EEC1CAA4FF800881E27 /* LaunchScreen.storyboard */ = {
			isa = PBXVariantGroup;
			children = (
				A3D48EED1CAA4FF800881E27 /* Base */,
			);
			name = LaunchScreen.storyboard;
			sourceTree = "<group>";
		};
/* End PBXVariantGroup section */

/* Begin XCBuildConfiguration section */
		A3D48F061CAA4FF800881E27 /* Debug */ = {
			isa = XCBuildConfiguration;
			buildSettings = {
				ALWAYS_SEARCH_USER_PATHS = NO;
				CLANG_CXX_LANGUAGE_STANDARD = "gnu++0x";
				CLANG_CXX_LIBRARY = "libc++";
				CLANG_ENABLE_MODULES = YES;
				CLANG_ENABLE_OBJC_ARC = YES;
				CLANG_WARN_BOOL_CONVERSION = YES;
				CLANG_WARN_CONSTANT_CONVERSION = YES;
				CLANG_WARN_DIRECT_OBJC_ISA_USAGE = YES_ERROR;
				CLANG_WARN_EMPTY_BODY = YES;
				CLANG_WARN_ENUM_CONVERSION = YES;
				CLANG_WARN_INT_CONVERSION = YES;
				CLANG_WARN_OBJC_ROOT_CLASS = YES_ERROR;
				CLANG_WARN_UNREACHABLE_CODE = YES;
				CLANG_WARN__DUPLICATE_METHOD_MATCH = YES;
				"CODE_SIGN_IDENTITY[sdk=iphoneos*]" = "iPhone Developer";
				COPY_PHASE_STRIP = NO;
				DEBUG_INFORMATION_FORMAT = dwarf;
				ENABLE_STRICT_OBJC_MSGSEND = YES;
				ENABLE_TESTABILITY = YES;
				GCC_C_LANGUAGE_STANDARD = gnu99;
				GCC_DYNAMIC_NO_PIC = NO;
				GCC_NO_COMMON_BLOCKS = YES;
				GCC_OPTIMIZATION_LEVEL = 0;
				GCC_PREPROCESSOR_DEFINITIONS = (
					"DEBUG=1",
					"$(inherited)",
				);
				GCC_WARN_64_TO_32_BIT_CONVERSION = YES;
				GCC_WARN_ABOUT_RETURN_TYPE = YES_ERROR;
				GCC_WARN_UNDECLARED_SELECTOR = YES;
				GCC_WARN_UNINITIALIZED_AUTOS = YES_AGGRESSIVE;
				GCC_WARN_UNUSED_FUNCTION = YES;
				GCC_WARN_UNUSED_VARIABLE = YES;
				IPHONEOS_DEPLOYMENT_TARGET = 9.1;
				MTL_ENABLE_DEBUG_INFO = YES;
				ONLY_ACTIVE_ARCH = YES;
				SDKROOT = iphoneos;
			};
			name = Debug;
		};
		A3D48F071CAA4FF800881E27 /* Release */ = {
			isa = XCBuildConfiguration;
			buildSettings = {
				ALWAYS_SEARCH_USER_PATHS = NO;
				CLANG_CXX_LANGUAGE_STANDARD = "gnu++0x";
				CLANG_CXX_LIBRARY = "libc++";
				CLANG_ENABLE_MODULES = YES;
				CLANG_ENABLE_OBJC_ARC = YES;
				CLANG_WARN_BOOL_CONVERSION = YES;
				CLANG_WARN_CONSTANT_CONVERSION = YES;
				CLANG_WARN_DIRECT_OBJC_ISA_USAGE = YES_ERROR;
				CLANG_WARN_EMPTY_BODY = YES;
				CLANG_WARN_ENUM_CONVERSION = YES;
				CLANG_WARN_INT_CONVERSION = YES;
				CLANG_WARN_OBJC_ROOT_CLASS = YES_ERROR;
				CLANG_WARN_UNREACHABLE_CODE = YES;
				CLANG_WARN__DUPLICATE_METHOD_MATCH = YES;
				"CODE_SIGN_IDENTITY[sdk=iphoneos*]" = "iPhone Developer";
				COPY_PHASE_STRIP = NO;
				DEBUG_INFORMATION_FORMAT = "dwarf-with-dsym";
				ENABLE_NS_ASSERTIONS = NO;
				ENABLE_STRICT_OBJC_MSGSEND = YES;
				GCC_C_LANGUAGE_STANDARD = gnu99;
				GCC_NO_COMMON_BLOCKS = YES;
				GCC_WARN_64_TO_32_BIT_CONVERSION = YES;
				GCC_WARN_ABOUT_RETURN_TYPE = YES_ERROR;
				GCC_WARN_UNDECLARED_SELECTOR = YES;
				GCC_WARN_UNINITIALIZED_AUTOS = YES_AGGRESSIVE;
				GCC_WARN_UNUSED_FUNCTION = YES;
				GCC_WARN_UNUSED_VARIABLE = YES;
				IPHONEOS_DEPLOYMENT_TARGET = 9.1;
				MTL_ENABLE_DEBUG_INFO = NO;
				SDKROOT = iphoneos;
				VALIDATE_PRODUCT = YES;
			};
			name = Release;
		};
		A3D48F091CAA4FF800881E27 /* Debug */ = {
			isa = XCBuildConfiguration;
			buildSettings = {
				ASSETCATALOG_COMPILER_APPICON_NAME = AppIcon;
				INFOPLIST_FILE = ComponentBasic/Info.plist;
				LD_RUNPATH_SEARCH_PATHS = "$(inherited) @executable_path/Frameworks";
				PRODUCT_BUNDLE_IDENTIFIER = com.chatpro.cn.ComponentBasic;
				PRODUCT_NAME = "$(TARGET_NAME)";
			};
			name = Debug;
		};
		A3D48F0A1CAA4FF800881E27 /* Release */ = {
			isa = XCBuildConfiguration;
			buildSettings = {
				ASSETCATALOG_COMPILER_APPICON_NAME = AppIcon;
				INFOPLIST_FILE = ComponentBasic/Info.plist;
				LD_RUNPATH_SEARCH_PATHS = "$(inherited) @executable_path/Frameworks";
				PRODUCT_BUNDLE_IDENTIFIER = com.chatpro.cn.ComponentBasic;
				PRODUCT_NAME = "$(TARGET_NAME)";
			};
			name = Release;
		};
		A3D48F0C1CAA4FF800881E27 /* Debug */ = {
			isa = XCBuildConfiguration;
			buildSettings = {
				BUNDLE_LOADER = "$(TEST_HOST)";
				INFOPLIST_FILE = ComponentBasicTests/Info.plist;
				LD_RUNPATH_SEARCH_PATHS = "$(inherited) @executable_path/Frameworks @loader_path/Frameworks";
				PRODUCT_BUNDLE_IDENTIFIER = com.chatpro.cn.ComponentBasicTests;
				PRODUCT_NAME = "$(TARGET_NAME)";
				TEST_HOST = "$(BUILT_PRODUCTS_DIR)/ComponentBasic.app/ComponentBasic";
			};
			name = Debug;
		};
		A3D48F0D1CAA4FF800881E27 /* Release */ = {
			isa = XCBuildConfiguration;
			buildSettings = {
				BUNDLE_LOADER = "$(TEST_HOST)";
				INFOPLIST_FILE = ComponentBasicTests/Info.plist;
				LD_RUNPATH_SEARCH_PATHS = "$(inherited) @executable_path/Frameworks @loader_path/Frameworks";
				PRODUCT_BUNDLE_IDENTIFIER = com.chatpro.cn.ComponentBasicTests;
				PRODUCT_NAME = "$(TARGET_NAME)";
				TEST_HOST = "$(BUILT_PRODUCTS_DIR)/ComponentBasic.app/ComponentBasic";
			};
			name = Release;
		};
		A3D48F0F1CAA4FF800881E27 /* Debug */ = {
			isa = XCBuildConfiguration;
			buildSettings = {
				INFOPLIST_FILE = ComponentBasicUITests/Info.plist;
				LD_RUNPATH_SEARCH_PATHS = "$(inherited) @executable_path/Frameworks @loader_path/Frameworks";
				PRODUCT_BUNDLE_IDENTIFIER = com.chatpro.cn.ComponentBasicUITests;
				PRODUCT_NAME = "$(TARGET_NAME)";
				TEST_TARGET_NAME = ComponentBasic;
				USES_XCTRUNNER = YES;
			};
			name = Debug;
		};
		A3D48F101CAA4FF800881E27 /* Release */ = {
			isa = XCBuildConfiguration;
			buildSettings = {
				INFOPLIST_FILE = ComponentBasicUITests/Info.plist;
				LD_RUNPATH_SEARCH_PATHS = "$(inherited) @executable_path/Frameworks @loader_path/Frameworks";
				PRODUCT_BUNDLE_IDENTIFIER = com.chatpro.cn.ComponentBasicUITests;
				PRODUCT_NAME = "$(TARGET_NAME)";
				TEST_TARGET_NAME = ComponentBasic;
				USES_XCTRUNNER = YES;
			};
			name = Release;
		};
/* End XCBuildConfiguration section */

/* Begin XCConfigurationList section */
		A3D48ED61CAA4FF800881E27 /* Build configuration list for PBXProject "ComponentBasic" */ = {
			isa = XCConfigurationList;
			buildConfigurations = (
				A3D48F061CAA4FF800881E27 /* Debug */,
				A3D48F071CAA4FF800881E27 /* Release */,
			);
			defaultConfigurationIsVisible = 0;
			defaultConfigurationName = Release;
		};
		A3D48F081CAA4FF800881E27 /* Build configuration list for PBXNativeTarget "ComponentBasic" */ = {
			isa = XCConfigurationList;
			buildConfigurations = (
				A3D48F091CAA4FF800881E27 /* Debug */,
				A3D48F0A1CAA4FF800881E27 /* Release */,
			);
			defaultConfigurationIsVisible = 0;
		};
		A3D48F0B1CAA4FF800881E27 /* Build configuration list for PBXNativeTarget "ComponentBasicTests" */ = {
			isa = XCConfigurationList;
			buildConfigurations = (
				A3D48F0C1CAA4FF800881E27 /* Debug */,
				A3D48F0D1CAA4FF800881E27 /* Release */,
			);
			defaultConfigurationIsVisible = 0;
		};
		A3D48F0E1CAA4FF800881E27 /* Build configuration list for PBXNativeTarget "ComponentBasicUITests" */ = {
			isa = XCConfigurationList;
			buildConfigurations = (
				A3D48F0F1CAA4FF800881E27 /* Debug */,
				A3D48F101CAA4FF800881E27 /* Release */,
			);
			defaultConfigurationIsVisible = 0;
		};
/* End XCConfigurationList section */
	};
	rootObject = A3D48ED31CAA4FF800881E27 /* Project object */;
}
